
Microsoft Visual Studio Solution File, Format Version 12.00
# Visual Studio Version 17
VisualStudioVersion = 17.4.33403.182
MinimumVisualStudioVersion = 10.0.40219.1
Project("{FAE04EC0-301F-11D3-BF4B-00C04F79EFBC}") = "SetUpEnv", "SetUpEnv\SetUpEnv.csproj", "{CA24E9CF-8AA1-4AE0-ADBF-D7F3EC40DBDF}"
EndProject
Global
	GlobalSection(SolutionConfigurationPlatforms) = preSolution
		Debug|Any CPU = Debug|Any CPU
		Release|Any CPU = Release|Any CPU
	EndGlobalSection
	GlobalSection(ProjectConfigurationPlatforms) = postSolution
		{CA24E9CF-8AA1-4AE0-ADBF-D7F3EC40DBDF}.Debug|Any CPU.ActiveCfg = Debug|Any CPU
		{CA24E9CF-8AA1-4AE0-ADBF-D7F3EC40DBDF}.Debug|Any CPU.Build.0 = Debug|Any CPU
		{CA24E9CF-8AA1-4AE0-ADBF-D7F3EC40DBDF}.Release|Any CPU.ActiveCfg = Release|Any CPU
		{CA24E9CF-8AA1-4AE0-ADBF-D7F3EC40DBDF}.Release|Any CPU.Build.0 = Release|Any CPU
	EndGlobalSection
	GlobalSection(SolutionProperties) = preSolution
		HideSolutionNode = FALSE
	EndGlobalSection
	GlobalSection(ExtensibilityGlobals) = postSolution
		SolutionGuid = {DBF3141A-FE0E-4CA5-885A-83F19E6D0F4B}
	EndGlobalSection
EndGlobal
